
Microsoft Visual Studio Solution File, Format Version 12.00
# Visual Studio Version 17
VisualStudioVersion = 17.8.34330.188
MinimumVisualStudioVersion = 10.0.40219.1
Project("{FAE04EC0-301F-11D3-BF4B-00C04F79EFBC}") = "labathree", "labathree\labathree.csproj", "{5F059A59-F85B-4FAB-9420-46A7CA2C9020}"
EndProject
Global
	GlobalSection(SolutionConfigurationPlatforms) = preSolution
		Debug|Any CPU = Debug|Any CPU
		Release|Any CPU = Release|Any CPU
	EndGlobalSection
	GlobalSection(ProjectConfigurationPlatforms) = postSolution
		{5F059A59-F85B-4FAB-9420-46A7CA2C9020}.Debug|Any CPU.ActiveCfg = Debug|Any CPU
		{5F059A59-F85B-4FAB-9420-46A7CA2C9020}.Debug|Any CPU.Build.0 = Debug|Any CPU
		{5F059A59-F85B-4FAB-9420-46A7CA2C9020}.Release|Any CPU.ActiveCfg = Release|Any CPU
		{5F059A59-F85B-4FAB-9420-46A7CA2C9020}.Release|Any CPU.Build.0 = Release|Any CPU
	EndGlobalSection
	GlobalSection(SolutionProperties) = preSolution
		HideSolutionNode = FALSE
	EndGlobalSection
	GlobalSection(ExtensibilityGlobals) = postSolution
		SolutionGuid = {1B6D565C-7435-463A-9608-E144B45655B5}
	EndGlobalSection
EndGlobal
